// !$*UTF8*$!
{
	archiveVersion = 1;
	classes = {
	};
	objectVersion = 46;
	objects = {

/* Begin PBXBuildFile section */
		D27F0F8A145DC739008D80C9 /* Menlo.ttc in Resources */ = {isa = PBXBuildFile; fileRef = D27F0F89145DC739008D80C9 /* Menlo.ttc */; };
		D2C9246714670A2E008485B2 /* CUITextViewHighlighting.m in Sources */ = {isa = PBXBuildFile; fileRef = D2C9246614670A2E008485B2 /* CUITextViewHighlighting.m */; };
		D2DE67B3145356330051C964 /* UIKit.framework in Frameworks */ = {isa = PBXBuildFile; fileRef = D2DE67B2145356330051C964 /* UIKit.framework */; };
		D2DE67B5145356330051C964 /* Foundation.framework in Frameworks */ = {isa = PBXBuildFile; fileRef = D2DE67B4145356330051C964 /* Foundation.framework */; };
		D2DE67B7145356330051C964 /* CoreGraphics.framework in Frameworks */ = {isa = PBXBuildFile; fileRef = D2DE67B6145356330051C964 /* CoreGraphics.framework */; };
		D2DE67BD145356330051C964 /* InfoPlist.strings in Resources */ = {isa = PBXBuildFile; fileRef = D2DE67BB145356330051C964 /* InfoPlist.strings */; };
		D2DE67BF145356330051C964 /* main.m in Sources */ = {isa = PBXBuildFile; fileRef = D2DE67BE145356330051C964 /* main.m */; };
		D2DE67C3145356330051C964 /* AppDelegate.m in Sources */ = {isa = PBXBuildFile; fileRef = D2DE67C2145356330051C964 /* AppDelegate.m */; };
		D2DE67C6145356330051C964 /* MainStoryboard.storyboard in Resources */ = {isa = PBXBuildFile; fileRef = D2DE67C4145356330051C964 /* MainStoryboard.storyboard */; };
		D2DE67C9145356330051C964 /* ViewController.m in Sources */ = {isa = PBXBuildFile; fileRef = D2DE67C8145356330051C964 /* ViewController.m */; };
		D2DE67D51453580C0051C964 /* CUITextView.m in Sources */ = {isa = PBXBuildFile; fileRef = D2DE67D41453580C0051C964 /* CUITextView.m */; };
		D2DE67D8145358CF0051C964 /* CoreText.framework in Frameworks */ = {isa = PBXBuildFile; fileRef = D2DE67D6145358C60051C964 /* CoreText.framework */; };
		D2DE67DB145359790051C964 /* NSAttributedString+Attributes.m in Sources */ = {isa = PBXBuildFile; fileRef = D2DE67DA145359790051C964 /* NSAttributedString+Attributes.m */; };
/* End PBXBuildFile section */

/* Begin PBXFileReference section */
		D27F0F89145DC739008D80C9 /* Menlo.ttc */ = {isa = PBXFileReference; lastKnownFileType = file; path = Menlo.ttc; sourceTree = SOURCE_ROOT; };
		D2C9246514670A2E008485B2 /* CUITextViewHighlighting.h */ = {isa = PBXFileReference; fileEncoding = 4; lastKnownFileType = sourcecode.c.h; path = CUITextViewHighlighting.h; sourceTree = "<group>"; };
		D2C9246614670A2E008485B2 /* CUITextViewHighlighting.m */ = {isa = PBXFileReference; fileEncoding = 4; lastKnownFileType = sourcecode.c.objc; path = CUITextViewHighlighting.m; sourceTree = "<group>"; };
		D2DE67AE145356330051C964 /* textview.app */ = {isa = PBXFileReference; explicitFileType = wrapper.application; includeInIndex = 0; path = textview.app; sourceTree = BUILT_PRODUCTS_DIR; };
		D2DE67B2145356330051C964 /* UIKit.framework */ = {isa = PBXFileReference; lastKnownFileType = wrapper.framework; name = UIKit.framework; path = System/Library/Frameworks/UIKit.framework; sourceTree = SDKROOT; };
		D2DE67B4145356330051C964 /* Foundation.framework */ = {isa = PBXFileReference; lastKnownFileType = wrapper.framework; name = Foundation.framework; path = System/Library/Frameworks/Foundation.framework; sourceTree = SDKROOT; };
		D2DE67B6145356330051C964 /* CoreGraphics.framework */ = {isa = PBXFileReference; lastKnownFileType = wrapper.framework; name = CoreGraphics.framework; path = System/Library/Frameworks/CoreGraphics.framework; sourceTree = SDKROOT; };
		D2DE67BA145356330051C964 /* textview-Info.plist */ = {isa = PBXFileReference; lastKnownFileType = text.plist.xml; path = "textview-Info.plist"; sourceTree = "<group>"; };
		D2DE67BC145356330051C964 /* en */ = {isa = PBXFileReference; lastKnownFileType = text.plist.strings; name = en; path = en.lproj/InfoPlist.strings; sourceTree = "<group>"; };
		D2DE67BE145356330051C964 /* main.m */ = {isa = PBXFileReference; lastKnownFileType = sourcecode.c.objc; path = main.m; sourceTree = "<group>"; };
		D2DE67C0145356330051C964 /* textview-Prefix.pch */ = {isa = PBXFileReference; lastKnownFileType = sourcecode.c.h; path = "textview-Prefix.pch"; sourceTree = "<group>"; };
		D2DE67C1145356330051C964 /* AppDelegate.h */ = {isa = PBXFileReference; lastKnownFileType = sourcecode.c.h; path = AppDelegate.h; sourceTree = "<group>"; };
		D2DE67C2145356330051C964 /* AppDelegate.m */ = {isa = PBXFileReference; lastKnownFileType = sourcecode.c.objc; path = AppDelegate.m; sourceTree = "<group>"; };
		D2DE67C5145356330051C964 /* en */ = {isa = PBXFileReference; lastKnownFileType = file.storyboard; name = en; path = en.lproj/MainStoryboard.storyboard; sourceTree = "<group>"; };
		D2DE67C7145356330051C964 /* ViewController.h */ = {isa = PBXFileReference; lastKnownFileType = sourcecode.c.h; path = ViewController.h; sourceTree = "<group>"; };
		D2DE67C8145356330051C964 /* ViewController.m */ = {isa = PBXFileReference; lastKnownFileType = sourcecode.c.objc; path = ViewController.m; sourceTree = "<group>"; };
		D2DE67D31453580C0051C964 /* CUITextView.h */ = {isa = PBXFileReference; fileEncoding = 4; lastKnownFileType = sourcecode.c.h; path = CUITextView.h; sourceTree = "<group>"; };
		D2DE67D41453580C0051C964 /* CUITextView.m */ = {isa = PBXFileReference; fileEncoding = 4; lastKnownFileType = sourcecode.c.objc; path = CUITextView.m; sourceTree = "<group>"; };
		D2DE67D6145358C60051C964 /* CoreText.framework */ = {isa = PBXFileReference; lastKnownFileType = wrapper.framework; name = CoreText.framework; path = System/Library/Frameworks/CoreText.framework; sourceTree = SDKROOT; };
		D2DE67D9145359790051C964 /* NSAttributedString+Attributes.h */ = {isa = PBXFileReference; fileEncoding = 4; lastKnownFileType = sourcecode.c.h; path = "NSAttributedString+Attributes.h"; sourceTree = "<group>"; };
		D2DE67DA145359790051C964 /* NSAttributedString+Attributes.m */ = {isa = PBXFileReference; fileEncoding = 4; lastKnownFileType = sourcecode.c.objc; path = "NSAttributedString+Attributes.m"; sourceTree = "<group>"; };
/* End PBXFileReference section */

/* Begin PBXFrameworksBuildPhase section */
		D2DE67AB145356330051C964 /* Frameworks */ = {
			isa = PBXFrameworksBuildPhase;
			buildActionMask = 2147483647;
			files = (
				D2DE67D8145358CF0051C964 /* CoreText.framework in Frameworks */,
				D2DE67B3145356330051C964 /* UIKit.framework in Frameworks */,
				D2DE67B5145356330051C964 /* Foundation.framework in Frameworks */,
				D2DE67B7145356330051C964 /* CoreGraphics.framework in Frameworks */,
			);
			runOnlyForDeploymentPostprocessing = 0;
		};
/* End PBXFrameworksBuildPhase section */

/* Begin PBXGroup section */
		D2DE67A3145356330051C964 = {
			isa = PBXGroup;
			children = (
				D2DE67B8145356330051C964 /* textview */,
				D2DE67B1145356330051C964 /* Frameworks */,
				D2DE67AF145356330051C964 /* Products */,
			);
			sourceTree = "<group>";
		};
		D2DE67AF145356330051C964 /* Products */ = {
			isa = PBXGroup;
			children = (
				D2DE67AE145356330051C964 /* textview.app */,
			);
			name = Products;
			sourceTree = "<group>";
		};
		D2DE67B1145356330051C964 /* Frameworks */ = {
			isa = PBXGroup;
			children = (
				D2DE67D6145358C60051C964 /* CoreText.framework */,
				D2DE67B2145356330051C964 /* UIKit.framework */,
				D2DE67B4145356330051C964 /* Foundation.framework */,
				D2DE67B6145356330051C964 /* CoreGraphics.framework */,
			);
			name = Frameworks;
			sourceTree = "<group>";
		};
		D2DE67B8145356330051C964 /* textview */ = {
			isa = PBXGroup;
			children = (
				D2DE67C1145356330051C964 /* AppDelegate.h */,
				D2DE67C2145356330051C964 /* AppDelegate.m */,
				D2DE67C7145356330051C964 /* ViewController.h */,
				D2DE67C8145356330051C964 /* ViewController.m */,
				D2DE67D9145359790051C964 /* NSAttributedString+Attributes.h */,
				D2DE67DA145359790051C964 /* NSAttributedString+Attributes.m */,
				D2DE67D31453580C0051C964 /* CUITextView.h */,
				D2DE67D41453580C0051C964 /* CUITextView.m */,
				D2C9246514670A2E008485B2 /* CUITextViewHighlighting.h */,
				D2C9246614670A2E008485B2 /* CUITextViewHighlighting.m */,
				D2DE67B9145356330051C964 /* Supporting Files */,
			);
			path = textview;
			sourceTree = "<group>";
		};
		D2DE67B9145356330051C964 /* Supporting Files */ = {
			isa = PBXGroup;
			children = (
				D2DE67C4145356330051C964 /* MainStoryboard.storyboard */,
				D2DE67BA145356330051C964 /* textview-Info.plist */,
				D2DE67BB145356330051C964 /* InfoPlist.strings */,
				D27F0F89145DC739008D80C9 /* Menlo.ttc */,
				D2DE67BE145356330051C964 /* main.m */,
				D2DE67C0145356330051C964 /* textview-Prefix.pch */,
			);
			name = "Supporting Files";
			sourceTree = "<group>";
		};
/* End PBXGroup section */

/* Begin PBXNativeTarget section */
		D2DE67AD145356330051C964 /* textview */ = {
			isa = PBXNativeTarget;
			buildConfigurationList = D2DE67CC145356330051C964 /* Build configuration list for PBXNativeTarget "textview" */;
			buildPhases = (
				D2DE67AA145356330051C964 /* Sources */,
				D2DE67AB145356330051C964 /* Frameworks */,
				D2DE67AC145356330051C964 /* Resources */,
			);
			buildRules = (
			);
			dependencies = (
			);
			name = textview;
			productName = textview;
			productReference = D2DE67AE145356330051C964 /* textview.app */;
			productType = "com.apple.product-type.application";
		};
/* End PBXNativeTarget section */

/* Begin PBXProject section */
		D2DE67A5145356330051C964 /* Project object */ = {
			isa = PBXProject;
			attributes = {
				LastUpgradeCheck = 0420;
				ORGANIZATIONNAME = www.injoit.com;
			};
			buildConfigurationList = D2DE67A8145356330051C964 /* Build configuration list for PBXProject "textview" */;
			compatibilityVersion = "Xcode 3.2";
			developmentRegion = English;
			hasScannedForEncodings = 0;
			knownRegions = (
				en,
			);
			mainGroup = D2DE67A3145356330051C964;
			productRefGroup = D2DE67AF145356330051C964 /* Products */;
			projectDirPath = "";
			projectRoot = "";
			targets = (
				D2DE67AD145356330051C964 /* textview */,
			);
		};
/* End PBXProject section */

/* Begin PBXResourcesBuildPhase section */
		D2DE67AC145356330051C964 /* Resources */ = {
			isa = PBXResourcesBuildPhase;
			buildActionMask = 2147483647;
			files = (
				D2DE67BD145356330051C964 /* InfoPlist.strings in Resources */,
				D2DE67C6145356330051C964 /* MainStoryboard.storyboard in Resources */,
				D27F0F8A145DC739008D80C9 /* Menlo.ttc in Resources */,
			);
			runOnlyForDeploymentPostprocessing = 0;
		};
/* End PBXResourcesBuildPhase section */

/* Begin PBXSourcesBuildPhase section */
		D2DE67AA145356330051C964 /* Sources */ = {
			isa = PBXSourcesBuildPhase;
			buildActionMask = 2147483647;
			files = (
				D2DE67BF145356330051C964 /* main.m in Sources */,
				D2DE67C3145356330051C964 /* AppDelegate.m in Sources */,
				D2DE67C9145356330051C964 /* ViewController.m in Sources */,
				D2DE67D51453580C0051C964 /* CUITextView.m in Sources */,
				D2DE67DB145359790051C964 /* NSAttributedString+Attributes.m in Sources */,
				D2C9246714670A2E008485B2 /* CUITextViewHighlighting.m in Sources */,
			);
			runOnlyForDeploymentPostprocessing = 0;
		};
/* End PBXSourcesBuildPhase section */

/* Begin PBXVariantGroup section */
		D2DE67BB145356330051C964 /* InfoPlist.strings */ = {
			isa = PBXVariantGroup;
			children = (
				D2DE67BC145356330051C964 /* en */,
			);
			name = InfoPlist.strings;
			sourceTree = "<group>";
		};
		D2DE67C4145356330051C964 /* MainStoryboard.storyboard */ = {
			isa = PBXVariantGroup;
			children = (
				D2DE67C5145356330051C964 /* en */,
			);
			name = MainStoryboard.storyboard;
			sourceTree = "<group>";
		};
/* End PBXVariantGroup section */

/* Begin XCBuildConfiguration section */
		D2DE67CA145356330051C964 /* Debug */ = {
			isa = XCBuildConfiguration;
			buildSettings = {
				ALWAYS_SEARCH_USER_PATHS = NO;
				ARCHS = "$(ARCHS_STANDARD_32_BIT)";
				CLANG_ENABLE_OBJC_ARC = YES;
				"CODE_SIGN_IDENTITY[sdk=iphoneos*]" = "iPhone Developer";
				COPY_PHASE_STRIP = NO;
				GCC_C_LANGUAGE_STANDARD = gnu99;
				GCC_DYNAMIC_NO_PIC = NO;
				GCC_OPTIMIZATION_LEVEL = 0;
				GCC_PREPROCESSOR_DEFINITIONS = (
					"DEBUG=1",
					"$(inherited)",
				);
				GCC_SYMBOLS_PRIVATE_EXTERN = NO;
				GCC_VERSION = "";
				GCC_WARN_ABOUT_MISSING_PROTOTYPES = YES;
				GCC_WARN_ABOUT_RETURN_TYPE = YES;
				GCC_WARN_UNUSED_VARIABLE = YES;
				IPHONEOS_DEPLOYMENT_TARGET = 5.0;
				SDKROOT = iphoneos;
				TARGETED_DEVICE_FAMILY = 2;
			};
			name = Debug;
		};
		D2DE67CB145356330051C964 /* Release */ = {
			isa = XCBuildConfiguration;
			buildSettings = {
				ALWAYS_SEARCH_USER_PATHS = NO;
				ARCHS = "$(ARCHS_STANDARD_32_BIT)";
				CLANG_ENABLE_OBJC_ARC = YES;
				"CODE_SIGN_IDENTITY[sdk=iphoneos*]" = "iPhone Developer";
				COPY_PHASE_STRIP = YES;
				GCC_C_LANGUAGE_STANDARD = gnu99;
				GCC_VERSION = "";
				GCC_WARN_ABOUT_MISSING_PROTOTYPES = YES;
				GCC_WARN_ABOUT_RETURN_TYPE = YES;
				GCC_WARN_UNUSED_VARIABLE = YES;
				IPHONEOS_DEPLOYMENT_TARGET = 5.0;
				OTHER_CFLAGS = "-DNS_BLOCK_ASSERTIONS=1";
				SDKROOT = iphoneos;
				TARGETED_DEVICE_FAMILY = 2;
				VALIDATE_PRODUCT = YES;
			};
			name = Release;
		};
		D2DE67CD145356330051C964 /* Debug */ = {
			isa = XCBuildConfiguration;
			buildSettings = {
				CLANG_ENABLE_OBJC_ARC = NO;
				GCC_PRECOMPILE_PREFIX_HEADER = YES;
				GCC_PREFIX_HEADER = "textview/textview-Prefix.pch";
				GCC_VERSION = "";
				INFOPLIST_FILE = "textview/textview-Info.plist";
				IPHONEOS_DEPLOYMENT_TARGET = 5.0;
				PRODUCT_NAME = "$(TARGET_NAME)";
				WRAPPER_EXTENSION = app;
			};
			name = Debug;
		};
		D2DE67CE145356330051C964 /* Release */ = {
			isa = XCBuildConfiguration;
			buildSettings = {
				CLANG_ENABLE_OBJC_ARC = NO;
				GCC_PRECOMPILE_PREFIX_HEADER = YES;
				GCC_PREFIX_HEADER = "textview/textview-Prefix.pch";
				GCC_VERSION = "";
				INFOPLIST_FILE = "textview/textview-Info.plist";
				IPHONEOS_DEPLOYMENT_TARGET = 5.0;
				PRODUCT_NAME = "$(TARGET_NAME)";
				WRAPPER_EXTENSION = app;
			};
			name = Release;
		};
/* End XCBuildConfiguration section */

/* Begin XCConfigurationList section */
		D2DE67A8145356330051C964 /* Build configuration list for PBXProject "textview" */ = {
			isa = XCConfigurationList;
			buildConfigurations = (
				D2DE67CA145356330051C964 /* Debug */,
				D2DE67CB145356330051C964 /* Release */,
			);
			defaultConfigurationIsVisible = 0;
			defaultConfigurationName = Release;
		};
		D2DE67CC145356330051C964 /* Build configuration list for PBXNativeTarget "textview" */ = {
			isa = XCConfigurationList;
			buildConfigurations = (
				D2DE67CD145356330051C964 /* Debug */,
				D2DE67CE145356330051C964 /* Release */,
			);
			defaultConfigurationIsVisible = 0;
			defaultConfigurationName = Release;
		};
/* End XCConfigurationList section */
	};
	rootObject = D2DE67A5145356330051C964 /* Project object */;
}
